version = 1
revision = 2
requires-python = ">=3.11"

[[package]]
name = "click"
version = "8.2.1"
source = { registry = "https://pypi.org/simple" }
dependencies = [
    { name = "colorama", marker = "sys_platform == 'win32'" },
]
sdist = { url = "https://files.pythonhosted.org/packages/60/6c/8ca2efa64cf75a977a0d7fac081354553ebe483345c734fb6b6515d96bbc/click-8.2.1.tar.gz", hash = "sha256:27c491cc05d968d271d5a1db13e3b5a184636d9d930f148c50b038f0d0646202", size = 286342, upload-time = "2025-05-20T23:19:49.832Z" }
wheels = [
    { url = "https://files.pythonhosted.org/packages/85/32/10bb5764d90a8eee674e9dc6f4db6a0ab47c8c4d0d83c27f7c39ac415a4d/click-8.2.1-py3-none-any.whl", hash = "sha256:61a3265b914e850b85317d0b3109c7f8cd35a670f963866005d6ef1d5175a12b", size = 102215, upload-time = "2025-05-20T23:19:47.796Z" },
]

[[package]]
name = "colorama"
version = "0.4.6"
source = { registry = "https://pypi.org/simple" }
sdist = { url = "https://files.pythonhosted.org/packages/d8/53/6f443c9a4a8358a93a6792e2acffb9d9d5cb0a5cfd8802644b7b1c9a02e4/colorama-0.4.6.tar.gz", hash = "sha256:08695f5cb7ed6e0531a20572697297273c47b8cae5a63ffc6d6ed5c201be6e44", size = 27697, upload-time = "2022-10-25T02:36:22.414Z" }
wheels = [
    { url = "https://files.pythonhosted.org/packages/d1/d6/3965ed04c63042e047cb6a3e6ed1a63a35087b6a609aa3a15ed8ac56c221/colorama-0.4.6-py2.py3-none-any.whl", hash = "sha256:4f1d9991f5acc0ca119f9d443620b77f9d6b33703e51011c16baf57afb285fc6", size = 25335, upload-time = "2022-10-25T02:36:20.889Z" },
]

[[package]]
name = "iniconfig"
version = "2.1.0"
source = { registry = "https://pypi.org/simple" }
sdist = { url = "https://files.pythonhosted.org/packages/f2/97/ebf4da567aa6827c909642694d71c9fcf53e5b504f2d96afea02718862f3/iniconfig-2.1.0.tar.gz", hash = "sha256:3abbd2e30b36733fee78f9c7f7308f2d0050e88f0087fd25c2645f63c773e1c7", size = 4793, upload-time = "2025-03-19T20:09:59.721Z" }
wheels = [
    { url = "https://files.pythonhosted.org/packages/2c/e1/e6716421ea10d38022b952c159d5161ca1193197fb744506875fbb87ea7b/iniconfig-2.1.0-py3-none-any.whl", hash = "sha256:9deba5723312380e77435581c6bf4935c94cbfab9b1ed33ef8d238ea168eb760", size = 6050, upload-time = "2025-03-19T20:10:01.071Z" },
]

[[package]]
name = "packaging"
version = "25.0"
source = { registry = "https://pypi.org/simple" }
sdist = { url = "https://files.pythonhosted.org/packages/a1/d4/1fc4078c65507b51b96ca8f8c3ba19e6a61c8253c72794544580a7b6c24d/packaging-25.0.tar.gz", hash = "sha256:d443872c98d677bf60f6a1f2f8c1cb748e8fe762d2bf9d3148b5599295b0fc4f", size = 165727, upload-time = "2025-04-19T11:48:59.673Z" }
wheels = [
    { url = "https://files.pythonhosted.org/packages/20/12/38679034af332785aac8774540895e234f4d07f7545804097de4b666afd8/packaging-25.0-py3-none-any.whl", hash = "sha256:29572ef2b1f17581046b3a2227d5c611fb25ec70ca1ba8554b24b0e69331a484", size = 66469, upload-time = "2025-04-19T11:48:57.875Z" },
]

[[package]]
name = "pigpio"
version = "1.78"
source = { registry = "https://pypi.org/simple" }
sdist = { url = "https://files.pythonhosted.org/packages/a9/4a/3ebdfd90906553fb5420e80a475eb52f0809f2a29b547ba3b260db0cbc8f/pigpio-1.78.tar.gz", hash = "sha256:91efa50e4990649da97408a384782d6ccf58342fc59cdfe21ed7a42911569975", size = 40738, upload-time = "2020-09-29T23:55:12.61Z" }
wheels = [
    { url = "https://files.pythonhosted.org/packages/82/a0/991ac7f96f83936c15f4b26b51d1fdba63e7bc9866411bfda022b649c2a7/pigpio-1.78-py2.py3-none-any.whl", hash = "sha256:81e46f640c4e6342881fa9bbe290dbcd4fc179619dc6591e57a9d4a084dc49fa", size = 39622, upload-time = "2020-09-29T23:55:11.013Z" },
]

[[package]]
name = "piservo0"
version = "0.3.2"
source = { editable = "." }
dependencies = [
    { name = "click" },
    { name = "pigpio" },
]

[package.optional-dependencies]
dev = [
    { name = "pytest" },
    { name = "pytest-mock" },
    { name = "ruff" },
]

[package.metadata]
requires-dist = [
    { name = "click" },
    { name = "pigpio" },
    { name = "pytest", marker = "extra == 'dev'" },
    { name = "pytest-mock", marker = "extra == 'dev'" },
    { name = "ruff", marker = "extra == 'dev'" },
]
provides-extras = ["dev"]

[[package]]
name = "pluggy"
version = "1.6.0"
source = { registry = "https://pypi.org/simple" }
sdist = { url = "https://files.pythonhosted.org/packages/f9/e2/3e91f31a7d2b083fe6ef3fa267035b518369d9511ffab804f839851d2779/pluggy-1.6.0.tar.gz", hash = "sha256:7dcc130b76258d33b90f61b658791dede3486c3e6bfb003ee5c9bfb396dd22f3", size = 69412, upload-time = "2025-05-15T12:30:07.975Z" }
wheels = [
    { url = "https://files.pythonhosted.org/packages/54/20/4d324d65cc6d9205fabedc306948156824eb9f0ee1633355a8f7ec5c66bf/pluggy-1.6.0-py3-none-any.whl", hash = "sha256:e920276dd6813095e9377c0bc5566d94c932c33b27a3e3945d8389c374dd4746", size = 20538, upload-time = "2025-05-15T12:30:06.134Z" },
]

[[package]]
name = "pygments"
version = "2.19.2"
source = { registry = "https://pypi.org/simple" }
sdist = { url = "https://files.pythonhosted.org/packages/b0/77/a5b8c569bf593b0140bde72ea885a803b82086995367bf2037de0159d924/pygments-2.19.2.tar.gz", hash = "sha256:636cb2477cec7f8952536970bc533bc43743542f70392ae026374600add5b887", size = 4968631, upload-time = "2025-06-21T13:39:12.283Z" }
wheels = [
    { url = "https://files.pythonhosted.org/packages/c7/21/705964c7812476f378728bdf590ca4b771ec72385c533964653c68e86bdc/pygments-2.19.2-py3-none-any.whl", hash = "sha256:86540386c03d588bb81d44bc3928634ff26449851e99741617ecb9037ee5ec0b", size = 1225217, upload-time = "2025-06-21T13:39:07.939Z" },
]

[[package]]
name = "pytest"
version = "8.4.1"
source = { registry = "https://pypi.org/simple" }
dependencies = [
    { name = "colorama", marker = "sys_platform == 'win32'" },
    { name = "iniconfig" },
    { name = "packaging" },
    { name = "pluggy" },
    { name = "pygments" },
]
sdist = { url = "https://files.pythonhosted.org/packages/08/ba/45911d754e8eba3d5a841a5ce61a65a685ff1798421ac054f85aa8747dfb/pytest-8.4.1.tar.gz", hash = "sha256:7c67fd69174877359ed9371ec3af8a3d2b04741818c51e5e99cc1742251fa93c", size = 1517714, upload-time = "2025-06-18T05:48:06.109Z" }
wheels = [
    { url = "https://files.pythonhosted.org/packages/29/16/c8a903f4c4dffe7a12843191437d7cd8e32751d5de349d45d3fe69544e87/pytest-8.4.1-py3-none-any.whl", hash = "sha256:539c70ba6fcead8e78eebbf1115e8b589e7565830d7d006a8723f19ac8a0afb7", size = 365474, upload-time = "2025-06-18T05:48:03.955Z" },
]

[[package]]
name = "pytest-mock"
version = "3.14.1"
source = { registry = "https://pypi.org/simple" }
dependencies = [
    { name = "pytest" },
]
sdist = { url = "https://files.pythonhosted.org/packages/71/28/67172c96ba684058a4d24ffe144d64783d2a270d0af0d9e792737bddc75c/pytest_mock-3.14.1.tar.gz", hash = "sha256:159e9edac4c451ce77a5cdb9fc5d1100708d2dd4ba3c3df572f14097351af80e", size = 33241, upload-time = "2025-05-26T13:58:45.167Z" }
wheels = [
    { url = "https://files.pythonhosted.org/packages/b2/05/77b60e520511c53d1c1ca75f1930c7dd8e971d0c4379b7f4b3f9644685ba/pytest_mock-3.14.1-py3-none-any.whl", hash = "sha256:178aefcd11307d874b4cd3100344e7e2d888d9791a6a1d9bfe90fbc1b74fd1d0", size = 9923, upload-time = "2025-05-26T13:58:43.487Z" },
]

[[package]]
name = "ruff"
version = "0.12.3"
source = { registry = "https://pypi.org/simple" }
sdist = { url = "https://files.pythonhosted.org/packages/c3/2a/43955b530c49684d3c38fcda18c43caf91e99204c2a065552528e0552d4f/ruff-0.12.3.tar.gz", hash = "sha256:f1b5a4b6668fd7b7ea3697d8d98857390b40c1320a63a178eee6be0899ea2d77", size = 4459341, upload-time = "2025-07-11T13:21:16.086Z" }
wheels = [
    { url = "https://files.pythonhosted.org/packages/e2/fd/b44c5115539de0d598d75232a1cc7201430b6891808df111b8b0506aae43/ruff-0.12.3-py3-none-linux_armv6l.whl", hash = "sha256:47552138f7206454eaf0c4fe827e546e9ddac62c2a3d2585ca54d29a890137a2", size = 10430499, upload-time = "2025-07-11T13:20:26.321Z" },
    { url = "https://files.pythonhosted.org/packages/43/c5/9eba4f337970d7f639a37077be067e4ec80a2ad359e4cc6c5b56805cbc66/ruff-0.12.3-py3-none-macosx_10_12_x86_64.whl", hash = "sha256:0a9153b000c6fe169bb307f5bd1b691221c4286c133407b8827c406a55282041", size = 11213413, upload-time = "2025-07-11T13:20:30.017Z" },
    { url = "https://files.pythonhosted.org/packages/e2/2c/fac3016236cf1fe0bdc8e5de4f24c76ce53c6dd9b5f350d902549b7719b2/ruff-0.12.3-py3-none-macosx_11_0_arm64.whl", hash = "sha256:fa6b24600cf3b750e48ddb6057e901dd5b9aa426e316addb2a1af185a7509882", size = 10586941, upload-time = "2025-07-11T13:20:33.046Z" },
    { url = "https://files.pythonhosted.org/packages/c5/0f/41fec224e9dfa49a139f0b402ad6f5d53696ba1800e0f77b279d55210ca9/ruff-0.12.3-py3-none-manylinux_2_17_aarch64.manylinux2014_aarch64.whl", hash = "sha256:e2506961bf6ead54887ba3562604d69cb430f59b42133d36976421bc8bd45901", size = 10783001, upload-time = "2025-07-11T13:20:35.534Z" },
    { url = "https://files.pythonhosted.org/packages/0d/ca/dd64a9ce56d9ed6cad109606ac014860b1c217c883e93bf61536400ba107/ruff-0.12.3-py3-none-manylinux_2_17_armv7l.manylinux2014_armv7l.whl", hash = "sha256:c4faaff1f90cea9d3033cbbcdf1acf5d7fb11d8180758feb31337391691f3df0", size = 10269641, upload-time = "2025-07-11T13:20:38.459Z" },
    { url = "https://files.pythonhosted.org/packages/63/5c/2be545034c6bd5ce5bb740ced3e7014d7916f4c445974be11d2a406d5088/ruff-0.12.3-py3-none-manylinux_2_17_i686.manylinux2014_i686.whl", hash = "sha256:40dced4a79d7c264389de1c59467d5d5cefd79e7e06d1dfa2c75497b5269a5a6", size = 11875059, upload-time = "2025-07-11T13:20:41.517Z" },
    { url = "https://files.pythonhosted.org/packages/8e/d4/a74ef1e801ceb5855e9527dae105eaff136afcb9cc4d2056d44feb0e4792/ruff-0.12.3-py3-none-manylinux_2_17_ppc64.manylinux2014_ppc64.whl", hash = "sha256:0262d50ba2767ed0fe212aa7e62112a1dcbfd46b858c5bf7bbd11f326998bafc", size = 12658890, upload-time = "2025-07-11T13:20:44.442Z" },
    { url = "https://files.pythonhosted.org/packages/13/c8/1057916416de02e6d7c9bcd550868a49b72df94e3cca0aeb77457dcd9644/ruff-0.12.3-py3-none-manylinux_2_17_ppc64le.manylinux2014_ppc64le.whl", hash = "sha256:12371aec33e1a3758597c5c631bae9a5286f3c963bdfb4d17acdd2d395406687", size = 12232008, upload-time = "2025-07-11T13:20:47.374Z" },
    { url = "https://files.pythonhosted.org/packages/f5/59/4f7c130cc25220392051fadfe15f63ed70001487eca21d1796db46cbcc04/ruff-0.12.3-py3-none-manylinux_2_17_s390x.manylinux2014_s390x.whl", hash = "sha256:560f13b6baa49785665276c963edc363f8ad4b4fc910a883e2625bdb14a83a9e", size = 11499096, upload-time = "2025-07-11T13:20:50.348Z" },
    { url = "https://files.pythonhosted.org/packages/d4/01/a0ad24a5d2ed6be03a312e30d32d4e3904bfdbc1cdbe63c47be9d0e82c79/ruff-0.12.3-py3-none-manylinux_2_17_x86_64.manylinux2014_x86_64.whl", hash = "sha256:023040a3499f6f974ae9091bcdd0385dd9e9eb4942f231c23c57708147b06311", size = 11688307, upload-time = "2025-07-11T13:20:52.945Z" },
    { url = "https://files.pythonhosted.org/packages/93/72/08f9e826085b1f57c9a0226e48acb27643ff19b61516a34c6cab9d6ff3fa/ruff-0.12.3-py3-none-musllinux_1_2_aarch64.whl", hash = "sha256:883d844967bffff5ab28bba1a4d246c1a1b2933f48cb9840f3fdc5111c603b07", size = 10661020, upload-time = "2025-07-11T13:20:55.799Z" },
    { url = "https://files.pythonhosted.org/packages/80/a0/68da1250d12893466c78e54b4a0ff381370a33d848804bb51279367fc688/ruff-0.12.3-py3-none-musllinux_1_2_armv7l.whl", hash = "sha256:2120d3aa855ff385e0e562fdee14d564c9675edbe41625c87eeab744a7830d12", size = 10246300, upload-time = "2025-07-11T13:20:58.222Z" },
    { url = "https://files.pythonhosted.org/packages/6a/22/5f0093d556403e04b6fd0984fc0fb32fbb6f6ce116828fd54306a946f444/ruff-0.12.3-py3-none-musllinux_1_2_i686.whl", hash = "sha256:6b16647cbb470eaf4750d27dddc6ebf7758b918887b56d39e9c22cce2049082b", size = 11263119, upload-time = "2025-07-11T13:21:01.503Z" },
    { url = "https://files.pythonhosted.org/packages/92/c9/f4c0b69bdaffb9968ba40dd5fa7df354ae0c73d01f988601d8fac0c639b1/ruff-0.12.3-py3-none-musllinux_1_2_x86_64.whl", hash = "sha256:e1417051edb436230023575b149e8ff843a324557fe0a265863b7602df86722f", size = 11746990, upload-time = "2025-07-11T13:21:04.524Z" },
    { url = "https://files.pythonhosted.org/packages/fe/84/7cc7bd73924ee6be4724be0db5414a4a2ed82d06b30827342315a1be9e9c/ruff-0.12.3-py3-none-win32.whl", hash = "sha256:dfd45e6e926deb6409d0616078a666ebce93e55e07f0fb0228d4b2608b2c248d", size = 10589263, upload-time = "2025-07-11T13:21:07.148Z" },
    { url = "https://files.pythonhosted.org/packages/07/87/c070f5f027bd81f3efee7d14cb4d84067ecf67a3a8efb43aadfc72aa79a6/ruff-0.12.3-py3-none-win_amd64.whl", hash = "sha256:a946cf1e7ba3209bdef039eb97647f1c77f6f540e5845ec9c114d3af8df873e7", size = 11695072, upload-time = "2025-07-11T13:21:11.004Z" },
    { url = "https://files.pythonhosted.org/packages/e0/30/f3eaf6563c637b6e66238ed6535f6775480db973c836336e4122161986fc/ruff-0.12.3-py3-none-win_arm64.whl", hash = "sha256:5f9c7c9c8f84c2d7f27e93674d27136fbf489720251544c4da7fb3d742e011b1", size = 10805855, upload-time = "2025-07-11T13:21:13.547Z" },
]
